{
  "name": "aeroespacial",
  "version": "1.0.0",
  "lockfileVersion": 3,
  "requires": true,
  "packages": {
    "": {
      "name": "aeroespacial",
      "version": "1.0.0",
      "license": "ISC",
      "dependencies": {
        "lucide": "^0.220.0"
      }
    },
    "node_modules/lucide": {
      "version": "0.220.0",
      "resolved": "https://registry.npmjs.org/lucide/-/lucide-0.220.0.tgz",
      "integrity": "sha512-HSF8rvpLREO4+3RGwb/sYzOnCTtSvlPT8E4RtyD13M+OfArv8n/SfyMBfrR9QlcqqnL8y6orQGmY3dvatCa+wQ=="
    }
  }
}
